// !$*UTF8*$!
{
	archiveVersion = 1;
	classes = {
	};
	objectVersion = 52;
	objects = {

/* Begin PBXBuildFile section */
		1AC7006241BB75CB110AEE2C /* Pods_Flix_FlixUITests.framework in Frameworks */ = {isa = PBXBuildFile; fileRef = 7A17235D58C6EF3654D95C6E /* Pods_Flix_FlixUITests.framework */; };
		2FBAA5A126E307E50097C3B9 /* AppDelegate.swift in Sources */ = {isa = PBXBuildFile; fileRef = 2FBAA5A026E307E50097C3B9 /* AppDelegate.swift */; };
		2FBAA5A326E307E50097C3B9 /* SceneDelegate.swift in Sources */ = {isa = PBXBuildFile; fileRef = 2FBAA5A226E307E50097C3B9 /* SceneDelegate.swift */; };
		2FBAA5A826E307E50097C3B9 /* Main.storyboard in Resources */ = {isa = PBXBuildFile; fileRef = 2FBAA5A626E307E50097C3B9 /* Main.storyboard */; };
		2FBAA5AA26E307E80097C3B9 /* Assets.xcassets in Resources */ = {isa = PBXBuildFile; fileRef = 2FBAA5A926E307E80097C3B9 /* Assets.xcassets */; };
		2FBAA5AD26E307E80097C3B9 /* LaunchScreen.storyboard in Resources */ = {isa = PBXBuildFile; fileRef = 2FBAA5AB26E307E80097C3B9 /* LaunchScreen.storyboard */; };
		2FBAA5B826E307E80097C3B9 /* FlixTests.swift in Sources */ = {isa = PBXBuildFile; fileRef = 2FBAA5B726E307E80097C3B9 /* FlixTests.swift */; };
		2FBAA5C326E307E80097C3B9 /* FlixUITests.swift in Sources */ = {isa = PBXBuildFile; fileRef = 2FBAA5C226E307E80097C3B9 /* FlixUITests.swift */; };
		2FBAA5D126E30EC00097C3B9 /* MoviesViewController.swift in Sources */ = {isa = PBXBuildFile; fileRef = 2FBAA5D026E30EC00097C3B9 /* MoviesViewController.swift */; };
		2FBAA5D326E31DC90097C3B9 /* MovieCell.swift in Sources */ = {isa = PBXBuildFile; fileRef = 2FBAA5D226E31DC90097C3B9 /* MovieCell.swift */; };
		2FBAA5D626E322DC0097C3B9 /* AlamofireImage in Frameworks */ = {isa = PBXBuildFile; productRef = 2FBAA5D526E322DC0097C3B9 /* AlamofireImage */; };
		8C530F522E3FF7A6E5D0D3F8 /* Pods_FlixTests.framework in Frameworks */ = {isa = PBXBuildFile; fileRef = 9820F7EE45A3D269982B6414 /* Pods_FlixTests.framework */; };
		AC75E7EAD001C823C3CB9E38 /* Pods_Flix.framework in Frameworks */ = {isa = PBXBuildFile; fileRef = 156EB211985FCD1E5A4842FD /* Pods_Flix.framework */; };
/* End PBXBuildFile section */

/* Begin PBXContainerItemProxy section */
		2FBAA5B426E307E80097C3B9 /* PBXContainerItemProxy */ = {
			isa = PBXContainerItemProxy;
			containerPortal = 2FBAA59526E307E50097C3B9 /* Project object */;
			proxyType = 1;
			remoteGlobalIDString = 2FBAA59C26E307E50097C3B9;
			remoteInfo = Flix;
		};
		2FBAA5BF26E307E80097C3B9 /* PBXContainerItemProxy */ = {
			isa = PBXContainerItemProxy;
			containerPortal = 2FBAA59526E307E50097C3B9 /* Project object */;
			proxyType = 1;
			remoteGlobalIDString = 2FBAA59C26E307E50097C3B9;
			remoteInfo = Flix;
		};
/* End PBXContainerItemProxy section */

/* Begin PBXFileReference section */
		0BC5011C3970FB75BA5AFA83 /* Pods-Flix-FlixUITests.release.xcconfig */ = {isa = PBXFileReference; includeInIndex = 1; lastKnownFileType = text.xcconfig; name = "Pods-Flix-FlixUITests.release.xcconfig"; path = "Target Support Files/Pods-Flix-FlixUITests/Pods-Flix-FlixUITests.release.xcconfig"; sourceTree = "<group>"; };
		156EB211985FCD1E5A4842FD /* Pods_Flix.framework */ = {isa = PBXFileReference; explicitFileType = wrapper.framework; includeInIndex = 0; path = Pods_Flix.framework; sourceTree = BUILT_PRODUCTS_DIR; };
		22F5AED8947318E6265DB0B8 /* Pods-FlixTests.release.xcconfig */ = {isa = PBXFileReference; includeInIndex = 1; lastKnownFileType = text.xcconfig; name = "Pods-FlixTests.release.xcconfig"; path = "Target Support Files/Pods-FlixTests/Pods-FlixTests.release.xcconfig"; sourceTree = "<group>"; };
		2FBAA59D26E307E50097C3B9 /* Flix.app */ = {isa = PBXFileReference; explicitFileType = wrapper.application; includeInIndex = 0; path = Flix.app; sourceTree = BUILT_PRODUCTS_DIR; };
		2FBAA5A026E307E50097C3B9 /* AppDelegate.swift */ = {isa = PBXFileReference; lastKnownFileType = sourcecode.swift; path = AppDelegate.swift; sourceTree = "<group>"; };
		2FBAA5A226E307E50097C3B9 /* SceneDelegate.swift */ = {isa = PBXFileReference; lastKnownFileType = sourcecode.swift; path = SceneDelegate.swift; sourceTree = "<group>"; };
		2FBAA5A726E307E50097C3B9 /* Base */ = {isa = PBXFileReference; lastKnownFileType = file.storyboard; name = Base; path = Base.lproj/Main.storyboard; sourceTree = "<group>"; };
		2FBAA5A926E307E80097C3B9 /* Assets.xcassets */ = {isa = PBXFileReference; lastKnownFileType = folder.assetcatalog; path = Assets.xcassets; sourceTree = "<group>"; };
		2FBAA5AC26E307E80097C3B9 /* Base */ = {isa = PBXFileReference; lastKnownFileType = file.storyboard; name = Base; path = Base.lproj/LaunchScreen.storyboard; sourceTree = "<group>"; };
		2FBAA5AE26E307E80097C3B9 /* Info.plist */ = {isa = PBXFileReference; lastKnownFileType = text.plist.xml; path = Info.plist; sourceTree = "<group>"; };
		2FBAA5B326E307E80097C3B9 /* FlixTests.xctest */ = {isa = PBXFileReference; explicitFileType = wrapper.cfbundle; includeInIndex = 0; path = FlixTests.xctest; sourceTree = BUILT_PRODUCTS_DIR; };
		2FBAA5B726E307E80097C3B9 /* FlixTests.swift */ = {isa = PBXFileReference; lastKnownFileType = sourcecode.swift; path = FlixTests.swift; sourceTree = "<group>"; };
		2FBAA5B926E307E80097C3B9 /* Info.plist */ = {isa = PBXFileReference; lastKnownFileType = text.plist.xml; path = Info.plist; sourceTree = "<group>"; };
		2FBAA5BE26E307E80097C3B9 /* FlixUITests.xctest */ = {isa = PBXFileReference; explicitFileType = wrapper.cfbundle; includeInIndex = 0; path = FlixUITests.xctest; sourceTree = BUILT_PRODUCTS_DIR; };
		2FBAA5C226E307E80097C3B9 /* FlixUITests.swift */ = {isa = PBXFileReference; lastKnownFileType = sourcecode.swift; path = FlixUITests.swift; sourceTree = "<group>"; };
		2FBAA5C426E307E80097C3B9 /* Info.plist */ = {isa = PBXFileReference; lastKnownFileType = text.plist.xml; path = Info.plist; sourceTree = "<group>"; };
		2FBAA5D026E30EC00097C3B9 /* MoviesViewController.swift */ = {isa = PBXFileReference; lastKnownFileType = sourcecode.swift; path = MoviesViewController.swift; sourceTree = "<group>"; };
		2FBAA5D226E31DC90097C3B9 /* MovieCell.swift */ = {isa = PBXFileReference; lastKnownFileType = sourcecode.swift; path = MovieCell.swift; sourceTree = "<group>"; };
		75034058793CC35CDBD2553A /* Pods-FlixTests.debug.xcconfig */ = {isa = PBXFileReference; includeInIndex = 1; lastKnownFileType = text.xcconfig; name = "Pods-FlixTests.debug.xcconfig"; path = "Target Support Files/Pods-FlixTests/Pods-FlixTests.debug.xcconfig"; sourceTree = "<group>"; };
		7A17235D58C6EF3654D95C6E /* Pods_Flix_FlixUITests.framework */ = {isa = PBXFileReference; explicitFileType = wrapper.framework; includeInIndex = 0; path = Pods_Flix_FlixUITests.framework; sourceTree = BUILT_PRODUCTS_DIR; };
		7C8FF59A6025C23B58916626 /* Pods-Flix.debug.xcconfig */ = {isa = PBXFileReference; includeInIndex = 1; lastKnownFileType = text.xcconfig; name = "Pods-Flix.debug.xcconfig"; path = "Target Support Files/Pods-Flix/Pods-Flix.debug.xcconfig"; sourceTree = "<group>"; };
		9820F7EE45A3D269982B6414 /* Pods_FlixTests.framework */ = {isa = PBXFileReference; explicitFileType = wrapper.framework; includeInIndex = 0; path = Pods_FlixTests.framework; sourceTree = BUILT_PRODUCTS_DIR; };
		F70B5827CCE325E5E6CEAA0E /* Pods-Flix-FlixUITests.debug.xcconfig */ = {isa = PBXFileReference; includeInIndex = 1; lastKnownFileType = text.xcconfig; name = "Pods-Flix-FlixUITests.debug.xcconfig"; path = "Target Support Files/Pods-Flix-FlixUITests/Pods-Flix-FlixUITests.debug.xcconfig"; sourceTree = "<group>"; };
		F8EE3A945542E40701ADEF46 /* Pods-Flix.release.xcconfig */ = {isa = PBXFileReference; includeInIndex = 1; lastKnownFileType = text.xcconfig; name = "Pods-Flix.release.xcconfig"; path = "Target Support Files/Pods-Flix/Pods-Flix.release.xcconfig"; sourceTree = "<group>"; };
/* End PBXFileReference section */

/* Begin PBXFrameworksBuildPhase section */
		2FBAA59A26E307E50097C3B9 /* Frameworks */ = {
			isa = PBXFrameworksBuildPhase;
			buildActionMask = 2147483647;
			files = (
				2FBAA5D626E322DC0097C3B9 /* AlamofireImage in Frameworks */,
				AC75E7EAD001C823C3CB9E38 /* Pods_Flix.framework in Frameworks */,
			);
			runOnlyForDeploymentPostprocessing = 0;
		};
		2FBAA5B026E307E80097C3B9 /* Frameworks */ = {
			isa = PBXFrameworksBuildPhase;
			buildActionMask = 2147483647;
			files = (
				8C530F522E3FF7A6E5D0D3F8 /* Pods_FlixTests.framework in Frameworks */,
			);
			runOnlyForDeploymentPostprocessing = 0;
		};
		2FBAA5BB26E307E80097C3B9 /* Frameworks */ = {
			isa = PBXFrameworksBuildPhase;
			buildActionMask = 2147483647;
			files = (
				1AC7006241BB75CB110AEE2C /* Pods_Flix_FlixUITests.framework in Frameworks */,
			);
			runOnlyForDeploymentPostprocessing = 0;
		};
/* End PBXFrameworksBuildPhase section */

/* Begin PBXGroup section */
		2FBAA59426E307E50097C3B9 = {
			isa = PBXGroup;
			children = (
				2FBAA59F26E307E50097C3B9 /* Flix */,
				2FBAA5B626E307E80097C3B9 /* FlixTests */,
				2FBAA5C126E307E80097C3B9 /* FlixUITests */,
				2FBAA59E26E307E50097C3B9 /* Products */,
				F312BC626423D85805D23FE5 /* Pods */,
				44D737FA2D579640A8191633 /* Frameworks */,
			);
			sourceTree = "<group>";
		};
		2FBAA59E26E307E50097C3B9 /* Products */ = {
			isa = PBXGroup;
			children = (
				2FBAA59D26E307E50097C3B9 /* Flix.app */,
				2FBAA5B326E307E80097C3B9 /* FlixTests.xctest */,
				2FBAA5BE26E307E80097C3B9 /* FlixUITests.xctest */,
			);
			name = Products;
			sourceTree = "<group>";
		};
		2FBAA59F26E307E50097C3B9 /* Flix */ = {
			isa = PBXGroup;
			children = (
				2FBAA5A026E307E50097C3B9 /* AppDelegate.swift */,
				2FBAA5A226E307E50097C3B9 /* SceneDelegate.swift */,
				2FBAA5D026E30EC00097C3B9 /* MoviesViewController.swift */,
				2FBAA5A626E307E50097C3B9 /* Main.storyboard */,
				2FBAA5A926E307E80097C3B9 /* Assets.xcassets */,
				2FBAA5AB26E307E80097C3B9 /* LaunchScreen.storyboard */,
				2FBAA5AE26E307E80097C3B9 /* Info.plist */,
				2FBAA5D226E31DC90097C3B9 /* MovieCell.swift */,
			);
			path = Flix;
			sourceTree = "<group>";
		};
		2FBAA5B626E307E80097C3B9 /* FlixTests */ = {
			isa = PBXGroup;
			children = (
				2FBAA5B726E307E80097C3B9 /* FlixTests.swift */,
				2FBAA5B926E307E80097C3B9 /* Info.plist */,
			);
			path = FlixTests;
			sourceTree = "<group>";
		};
		2FBAA5C126E307E80097C3B9 /* FlixUITests */ = {
			isa = PBXGroup;
			children = (
				2FBAA5C226E307E80097C3B9 /* FlixUITests.swift */,
				2FBAA5C426E307E80097C3B9 /* Info.plist */,
			);
			path = FlixUITests;
			sourceTree = "<group>";
		};
		44D737FA2D579640A8191633 /* Frameworks */ = {
			isa = PBXGroup;
			children = (
				156EB211985FCD1E5A4842FD /* Pods_Flix.framework */,
				7A17235D58C6EF3654D95C6E /* Pods_Flix_FlixUITests.framework */,
				9820F7EE45A3D269982B6414 /* Pods_FlixTests.framework */,
			);
			name = Frameworks;
			sourceTree = "<group>";
		};
		F312BC626423D85805D23FE5 /* Pods */ = {
			isa = PBXGroup;
			children = (
				7C8FF59A6025C23B58916626 /* Pods-Flix.debug.xcconfig */,
				F8EE3A945542E40701ADEF46 /* Pods-Flix.release.xcconfig */,
				F70B5827CCE325E5E6CEAA0E /* Pods-Flix-FlixUITests.debug.xcconfig */,
				0BC5011C3970FB75BA5AFA83 /* Pods-Flix-FlixUITests.release.xcconfig */,
				75034058793CC35CDBD2553A /* Pods-FlixTests.debug.xcconfig */,
				22F5AED8947318E6265DB0B8 /* Pods-FlixTests.release.xcconfig */,
			);
			path = Pods;
			sourceTree = "<group>";
		};
/* End PBXGroup section */

/* Begin PBXNativeTarget section */
		2FBAA59C26E307E50097C3B9 /* Flix */ = {
			isa = PBXNativeTarget;
			buildConfigurationList = 2FBAA5C726E307E80097C3B9 /* Build configuration list for PBXNativeTarget "Flix" */;
			buildPhases = (
				2AC37DF60860F2FF0B0A14DF /* [CP] Check Pods Manifest.lock */,
				2FBAA59926E307E50097C3B9 /* Sources */,
				2FBAA59A26E307E50097C3B9 /* Frameworks */,
				2FBAA59B26E307E50097C3B9 /* Resources */,
				51B9CEAFBBDE43BC131AD881 /* [CP] Embed Pods Frameworks */,
			);
			buildRules = (
			);
			dependencies = (
			);
			name = Flix;
			packageProductDependencies = (
				2FBAA5D526E322DC0097C3B9 /* AlamofireImage */,
			);
			productName = Flix;
			productReference = 2FBAA59D26E307E50097C3B9 /* Flix.app */;
			productType = "com.apple.product-type.application";
		};
		2FBAA5B226E307E80097C3B9 /* FlixTests */ = {
			isa = PBXNativeTarget;
			buildConfigurationList = 2FBAA5CA26E307E80097C3B9 /* Build configuration list for PBXNativeTarget "FlixTests" */;
			buildPhases = (
				334071973CEA046C9485AF05 /* [CP] Check Pods Manifest.lock */,
				2FBAA5AF26E307E80097C3B9 /* Sources */,
				2FBAA5B026E307E80097C3B9 /* Frameworks */,
				2FBAA5B126E307E80097C3B9 /* Resources */,
			);
			buildRules = (
			);
			dependencies = (
				2FBAA5B526E307E80097C3B9 /* PBXTargetDependency */,
			);
			name = FlixTests;
			productName = FlixTests;
			productReference = 2FBAA5B326E307E80097C3B9 /* FlixTests.xctest */;
			productType = "com.apple.product-type.bundle.unit-test";
		};
		2FBAA5BD26E307E80097C3B9 /* FlixUITests */ = {
			isa = PBXNativeTarget;
			buildConfigurationList = 2FBAA5CD26E307E80097C3B9 /* Build configuration list for PBXNativeTarget "FlixUITests" */;
			buildPhases = (
				73A9C27F87C8D7DA525AD723 /* [CP] Check Pods Manifest.lock */,
				2FBAA5BA26E307E80097C3B9 /* Sources */,
				2FBAA5BB26E307E80097C3B9 /* Frameworks */,
				2FBAA5BC26E307E80097C3B9 /* Resources */,
				9C11F26ED2AB9178DFD959EE /* [CP] Embed Pods Frameworks */,
			);
			buildRules = (
			);
			dependencies = (
				2FBAA5C026E307E80097C3B9 /* PBXTargetDependency */,
			);
			name = FlixUITests;
			productName = FlixUITests;
			productReference = 2FBAA5BE26E307E80097C3B9 /* FlixUITests.xctest */;
			productType = "com.apple.product-type.bundle.ui-testing";
		};
/* End PBXNativeTarget section */

/* Begin PBXProject section */
		2FBAA59526E307E50097C3B9 /* Project object */ = {
			isa = PBXProject;
			attributes = {
				LastSwiftUpdateCheck = 1250;
				LastUpgradeCheck = 1250;
				TargetAttributes = {
					2FBAA59C26E307E50097C3B9 = {
						CreatedOnToolsVersion = 12.5.1;
					};
					2FBAA5B226E307E80097C3B9 = {
						CreatedOnToolsVersion = 12.5.1;
						TestTargetID = 2FBAA59C26E307E50097C3B9;
					};
					2FBAA5BD26E307E80097C3B9 = {
						CreatedOnToolsVersion = 12.5.1;
						TestTargetID = 2FBAA59C26E307E50097C3B9;
					};
				};
			};
			buildConfigurationList = 2FBAA59826E307E50097C3B9 /* Build configuration list for PBXProject "Flix" */;
			compatibilityVersion = "Xcode 9.3";
			developmentRegion = en;
			hasScannedForEncodings = 0;
			knownRegions = (
				en,
				Base,
			);
			mainGroup = 2FBAA59426E307E50097C3B9;
			packageReferences = (
				2FBAA5D426E322DB0097C3B9 /* XCRemoteSwiftPackageReference "AlamofireImage" */,
			);
			productRefGroup = 2FBAA59E26E307E50097C3B9 /* Products */;
			projectDirPath = "";
			projectRoot = "";
			targets = (
				2FBAA59C26E307E50097C3B9 /* Flix */,
				2FBAA5B226E307E80097C3B9 /* FlixTests */,
				2FBAA5BD26E307E80097C3B9 /* FlixUITests */,
			);
		};
/* End PBXProject section */

/* Begin PBXResourcesBuildPhase section */
		2FBAA59B26E307E50097C3B9 /* Resources */ = {
			isa = PBXResourcesBuildPhase;
			buildActionMask = 2147483647;
			files = (
				2FBAA5AD26E307E80097C3B9 /* LaunchScreen.storyboard in Resources */,
				2FBAA5AA26E307E80097C3B9 /* Assets.xcassets in Resources */,
				2FBAA5A826E307E50097C3B9 /* Main.storyboard in Resources */,
			);
			runOnlyForDeploymentPostprocessing = 0;
		};
		2FBAA5B126E307E80097C3B9 /* Resources */ = {
			isa = PBXResourcesBuildPhase;
			buildActionMask = 2147483647;
			files = (
			);
			runOnlyForDeploymentPostprocessing = 0;
		};
		2FBAA5BC26E307E80097C3B9 /* Resources */ = {
			isa = PBXResourcesBuildPhase;
			buildActionMask = 2147483647;
			files = (
			);
			runOnlyForDeploymentPostprocessing = 0;
		};
/* End PBXResourcesBuildPhase section */

/* Begin PBXShellScriptBuildPhase section */
		2AC37DF60860F2FF0B0A14DF /* [CP] Check Pods Manifest.lock */ = {
			isa = PBXShellScriptBuildPhase;
			buildActionMask = 2147483647;
			files = (
			);
			inputFileListPaths = (
			);
			inputPaths = (
				"${PODS_PODFILE_DIR_PATH}/Podfile.lock",
				"${PODS_ROOT}/Manifest.lock",
			);
			name = "[CP] Check Pods Manifest.lock";
			outputFileListPaths = (
			);
			outputPaths = (
				"$(DERIVED_FILE_DIR)/Pods-Flix-checkManifestLockResult.txt",
			);
			runOnlyForDeploymentPostprocessing = 0;
			shellPath = /bin/sh;
			shellScript = "diff \"${PODS_PODFILE_DIR_PATH}/Podfile.lock\" \"${PODS_ROOT}/Manifest.lock\" > /dev/null\nif [ $? != 0 ] ; then\n    # print error to STDERR\n    echo \"error: The sandbox is not in sync with the Podfile.lock. Run 'pod install' or update your CocoaPods installation.\" >&2\n    exit 1\nfi\n# This output is used by Xcode 'outputs' to avoid re-running this script phase.\necho \"SUCCESS\" > \"${SCRIPT_OUTPUT_FILE_0}\"\n";
			showEnvVarsInLog = 0;
		};
		334071973CEA046C9485AF05 /* [CP] Check Pods Manifest.lock */ = {
			isa = PBXShellScriptBuildPhase;
			buildActionMask = 2147483647;
			files = (
			);
			inputFileListPaths = (
			);
			inputPaths = (
				"${PODS_PODFILE_DIR_PATH}/Podfile.lock",
				"${PODS_ROOT}/Manifest.lock",
			);
			name = "[CP] Check Pods Manifest.lock";
			outputFileListPaths = (
			);
			outputPaths = (
				"$(DERIVED_FILE_DIR)/Pods-FlixTests-checkManifestLockResult.txt",
			);
			runOnlyForDeploymentPostprocessing = 0;
			shellPath = /bin/sh;
			shellScript = "diff \"${PODS_PODFILE_DIR_PATH}/Podfile.lock\" \"${PODS_ROOT}/Manifest.lock\" > /dev/null\nif [ $? != 0 ] ; then\n    # print error to STDERR\n    echo \"error: The sandbox is not in sync with the Podfile.lock. Run 'pod install' or update your CocoaPods installation.\" >&2\n    exit 1\nfi\n# This output is used by Xcode 'outputs' to avoid re-running this script phase.\necho \"SUCCESS\" > \"${SCRIPT_OUTPUT_FILE_0}\"\n";
			showEnvVarsInLog = 0;
		};
		51B9CEAFBBDE43BC131AD881 /* [CP] Embed Pods Frameworks */ = {
			isa = PBXShellScriptBuildPhase;
			buildActionMask = 2147483647;
			files = (
			);
			inputFileListPaths = (
				"${PODS_ROOT}/Target Support Files/Pods-Flix/Pods-Flix-frameworks-${CONFIGURATION}-input-files.xcfilelist",
			);
			name = "[CP] Embed Pods Frameworks";
			outputFileListPaths = (
				"${PODS_ROOT}/Target Support Files/Pods-Flix/Pods-Flix-frameworks-${CONFIGURATION}-output-files.xcfilelist",
			);
			runOnlyForDeploymentPostprocessing = 0;
			shellPath = /bin/sh;
			shellScript = "\"${PODS_ROOT}/Target Support Files/Pods-Flix/Pods-Flix-frameworks.sh\"\n";
			showEnvVarsInLog = 0;
		};
		73A9C27F87C8D7DA525AD723 /* [CP] Check Pods Manifest.lock */ = {
			isa = PBXShellScriptBuildPhase;
			buildActionMask = 2147483647;
			files = (
			);
			inputFileListPaths = (
			);
			inputPaths = (
				"${PODS_PODFILE_DIR_PATH}/Podfile.lock",
				"${PODS_ROOT}/Manifest.lock",
			);
			name = "[CP] Check Pods Manifest.lock";
			outputFileListPaths = (
			);
			outputPaths = (
				"$(DERIVED_FILE_DIR)/Pods-Flix-FlixUITests-checkManifestLockResult.txt",
			);
			runOnlyForDeploymentPostprocessing = 0;
			shellPath = /bin/sh;
			shellScript = "diff \"${PODS_PODFILE_DIR_PATH}/Podfile.lock\" \"${PODS_ROOT}/Manifest.lock\" > /dev/null\nif [ $? != 0 ] ; then\n    # print error to STDERR\n    echo \"error: The sandbox is not in sync with the Podfile.lock. Run 'pod install' or update your CocoaPods installation.\" >&2\n    exit 1\nfi\n# This output is used by Xcode 'outputs' to avoid re-running this script phase.\necho \"SUCCESS\" > \"${SCRIPT_OUTPUT_FILE_0}\"\n";
			showEnvVarsInLog = 0;
		};
		9C11F26ED2AB9178DFD959EE /* [CP] Embed Pods Frameworks */ = {
			isa = PBXShellScriptBuildPhase;
			buildActionMask = 2147483647;
			files = (
			);
			inputFileListPaths = (
				"${PODS_ROOT}/Target Support Files/Pods-Flix-FlixUITests/Pods-Flix-FlixUITests-frameworks-${CONFIGURATION}-input-files.xcfilelist",
			);
			name = "[CP] Embed Pods Frameworks";
			outputFileListPaths = (
				"${PODS_ROOT}/Target Support Files/Pods-Flix-FlixUITests/Pods-Flix-FlixUITests-frameworks-${CONFIGURATION}-output-files.xcfilelist",
			);
			runOnlyForDeploymentPostprocessing = 0;
			shellPath = /bin/sh;
			shellScript = "\"${PODS_ROOT}/Target Support Files/Pods-Flix-FlixUITests/Pods-Flix-FlixUITests-frameworks.sh\"\n";
			showEnvVarsInLog = 0;
		};
/* End PBXShellScriptBuildPhase section */

/* Begin PBXSourcesBuildPhase section */
		2FBAA59926E307E50097C3B9 /* Sources */ = {
			isa = PBXSourcesBuildPhase;
			buildActionMask = 2147483647;
			files = (
				2FBAA5A126E307E50097C3B9 /* AppDelegate.swift in Sources */,
				2FBAA5A326E307E50097C3B9 /* SceneDelegate.swift in Sources */,
				2FBAA5D326E31DC90097C3B9 /* MovieCell.swift in Sources */,
				2FBAA5D126E30EC00097C3B9 /* MoviesViewController.swift in Sources */,
			);
			runOnlyForDeploymentPostprocessing = 0;
		};
		2FBAA5AF26E307E80097C3B9 /* Sources */ = {
			isa = PBXSourcesBuildPhase;
			buildActionMask = 2147483647;
			files = (
				2FBAA5B826E307E80097C3B9 /* FlixTests.swift in Sources */,
			);
			runOnlyForDeploymentPostprocessing = 0;
		};
		2FBAA5BA26E307E80097C3B9 /* Sources */ = {
			isa = PBXSourcesBuildPhase;
			buildActionMask = 2147483647;
			files = (
				2FBAA5C326E307E80097C3B9 /* FlixUITests.swift in Sources */,
			);
			runOnlyForDeploymentPostprocessing = 0;
		};
/* End PBXSourcesBuildPhase section */

/* Begin PBXTargetDependency section */
		2FBAA5B526E307E80097C3B9 /* PBXTargetDependency */ = {
			isa = PBXTargetDependency;
			target = 2FBAA59C26E307E50097C3B9 /* Flix */;
			targetProxy = 2FBAA5B426E307E80097C3B9 /* PBXContainerItemProxy */;
		};
		2FBAA5C026E307E80097C3B9 /* PBXTargetDependency */ = {
			isa = PBXTargetDependency;
			target = 2FBAA59C26E307E50097C3B9 /* Flix */;
			targetProxy = 2FBAA5BF26E307E80097C3B9 /* PBXContainerItemProxy */;
		};
/* End PBXTargetDependency section */

/* Begin PBXVariantGroup section */
		2FBAA5A626E307E50097C3B9 /* Main.storyboard */ = {
			isa = PBXVariantGroup;
			children = (
				2FBAA5A726E307E50097C3B9 /* Base */,
			);
			name = Main.storyboard;
			sourceTree = "<group>";
		};
		2FBAA5AB26E307E80097C3B9 /* LaunchScreen.storyboard */ = {
			isa = PBXVariantGroup;
			children = (
				2FBAA5AC26E307E80097C3B9 /* Base */,
			);
			name = LaunchScreen.storyboard;
			sourceTree = "<group>";
		};
/* End PBXVariantGroup section */

/* Begin XCBuildConfiguration section */
		2FBAA5C526E307E80097C3B9 /* Debug */ = {
			isa = XCBuildConfiguration;
			buildSettings = {
				ALWAYS_SEARCH_USER_PATHS = NO;
				CLANG_ANALYZER_NONNULL = YES;
				CLANG_ANALYZER_NUMBER_OBJECT_CONVERSION = YES_AGGRESSIVE;
				CLANG_CXX_LANGUAGE_STANDARD = "gnu++14";
				CLANG_CXX_LIBRARY = "libc++";
				CLANG_ENABLE_MODULES = YES;
				CLANG_ENABLE_OBJC_ARC = YES;
				CLANG_ENABLE_OBJC_WEAK = YES;
				CLANG_WARN_BLOCK_CAPTURE_AUTORELEASING = YES;
				CLANG_WARN_BOOL_CONVERSION = YES;
				CLANG_WARN_COMMA = YES;
				CLANG_WARN_CONSTANT_CONVERSION = YES;
				CLANG_WARN_DEPRECATED_OBJC_IMPLEMENTATIONS = YES;
				CLANG_WARN_DIRECT_OBJC_ISA_USAGE = YES_ERROR;
				CLANG_WARN_DOCUMENTATION_COMMENTS = YES;
				CLANG_WARN_EMPTY_BODY = YES;
				CLANG_WARN_ENUM_CONVERSION = YES;
				CLANG_WARN_INFINITE_RECURSION = YES;
				CLANG_WARN_INT_CONVERSION = YES;
				CLANG_WARN_NON_LITERAL_NULL_CONVERSION = YES;
				CLANG_WARN_OBJC_IMPLICIT_RETAIN_SELF = YES;
				CLANG_WARN_OBJC_LITERAL_CONVERSION = YES;
				CLANG_WARN_OBJC_ROOT_CLASS = YES_ERROR;
				CLANG_WARN_QUOTED_INCLUDE_IN_FRAMEWORK_HEADER = YES;
				CLANG_WARN_RANGE_LOOP_ANALYSIS = YES;
				CLANG_WARN_STRICT_PROTOTYPES = YES;
				CLANG_WARN_SUSPICIOUS_MOVE = YES;
				CLANG_WARN_UNGUARDED_AVAILABILITY = YES_AGGRESSIVE;
				CLANG_WARN_UNREACHABLE_CODE = YES;
				CLANG_WARN__DUPLICATE_METHOD_MATCH = YES;
				COPY_PHASE_STRIP = NO;
				DEBUG_INFORMATION_FORMAT = dwarf;
				ENABLE_STRICT_OBJC_MSGSEND = YES;
				ENABLE_TESTABILITY = YES;
				GCC_C_LANGUAGE_STANDARD = gnu11;
				GCC_DYNAMIC_NO_PIC = NO;
				GCC_NO_COMMON_BLOCKS = YES;
				GCC_OPTIMIZATION_LEVEL = 0;
				GCC_PREPROCESSOR_DEFINITIONS = (
					"DEBUG=1",
					"$(inherited)",
				);
				GCC_WARN_64_TO_32_BIT_CONVERSION = YES;
				GCC_WARN_ABOUT_RETURN_TYPE = YES_ERROR;
				GCC_WARN_UNDECLARED_SELECTOR = YES;
				GCC_WARN_UNINITIALIZED_AUTOS = YES_AGGRESSIVE;
				GCC_WARN_UNUSED_FUNCTION = YES;
				GCC_WARN_UNUSED_VARIABLE = YES;
				IPHONEOS_DEPLOYMENT_TARGET = 14.5;
				MTL_ENABLE_DEBUG_INFO = INCLUDE_SOURCE;
				MTL_FAST_MATH = YES;
				ONLY_ACTIVE_ARCH = YES;
				SDKROOT = iphoneos;
				SWIFT_ACTIVE_COMPILATION_CONDITIONS = DEBUG;
				SWIFT_OPTIMIZATION_LEVEL = "-Onone";
			};
			name = Debug;
		};
		2FBAA5C626E307E80097C3B9 /* Release */ = {
			isa = XCBuildConfiguration;
			buildSettings = {
				ALWAYS_SEARCH_USER_PATHS = NO;
				CLANG_ANALYZER_NONNULL = YES;
				CLANG_ANALYZER_NUMBER_OBJECT_CONVERSION = YES_AGGRESSIVE;
				CLANG_CXX_LANGUAGE_STANDARD = "gnu++14";
				CLANG_CXX_LIBRARY = "libc++";
				CLANG_ENABLE_MODULES = YES;
				CLANG_ENABLE_OBJC_ARC = YES;
				CLANG_ENABLE_OBJC_WEAK = YES;
				CLANG_WARN_BLOCK_CAPTURE_AUTORELEASING = YES;
				CLANG_WARN_BOOL_CONVERSION = YES;
				CLANG_WARN_COMMA = YES;
				CLANG_WARN_CONSTANT_CONVERSION = YES;
				CLANG_WARN_DEPRECATED_OBJC_IMPLEMENTATIONS = YES;
				CLANG_WARN_DIRECT_OBJC_ISA_USAGE = YES_ERROR;
				CLANG_WARN_DOCUMENTATION_COMMENTS = YES;
				CLANG_WARN_EMPTY_BODY = YES;
				CLANG_WARN_ENUM_CONVERSION = YES;
				CLANG_WARN_INFINITE_RECURSION = YES;
				CLANG_WARN_INT_CONVERSION = YES;
				CLANG_WARN_NON_LITERAL_NULL_CONVERSION = YES;
				CLANG_WARN_OBJC_IMPLICIT_RETAIN_SELF = YES;
				CLANG_WARN_OBJC_LITERAL_CONVERSION = YES;
				CLANG_WARN_OBJC_ROOT_CLASS = YES_ERROR;
				CLANG_WARN_QUOTED_INCLUDE_IN_FRAMEWORK_HEADER = YES;
				CLANG_WARN_RANGE_LOOP_ANALYSIS = YES;
				CLANG_WARN_STRICT_PROTOTYPES = YES;
				CLANG_WARN_SUSPICIOUS_MOVE = YES;
				CLANG_WARN_UNGUARDED_AVAILABILITY = YES_AGGRESSIVE;
				CLANG_WARN_UNREACHABLE_CODE = YES;
				CLANG_WARN__DUPLICATE_METHOD_MATCH = YES;
				COPY_PHASE_STRIP = NO;
				DEBUG_INFORMATION_FORMAT = "dwarf-with-dsym";
				ENABLE_NS_ASSERTIONS = NO;
				ENABLE_STRICT_OBJC_MSGSEND = YES;
				GCC_C_LANGUAGE_STANDARD = gnu11;
				GCC_NO_COMMON_BLOCKS = YES;
				GCC_WARN_64_TO_32_BIT_CONVERSION = YES;
				GCC_WARN_ABOUT_RETURN_TYPE = YES_ERROR;
				GCC_WARN_UNDECLARED_SELECTOR = YES;
				GCC_WARN_UNINITIALIZED_AUTOS = YES_AGGRESSIVE;
				GCC_WARN_UNUSED_FUNCTION = YES;
				GCC_WARN_UNUSED_VARIABLE = YES;
				IPHONEOS_DEPLOYMENT_TARGET = 14.5;
				MTL_ENABLE_DEBUG_INFO = NO;
				MTL_FAST_MATH = YES;
				SDKROOT = iphoneos;
				SWIFT_COMPILATION_MODE = wholemodule;
				SWIFT_OPTIMIZATION_LEVEL = "-O";
				VALIDATE_PRODUCT = YES;
			};
			name = Release;
		};
		2FBAA5C826E307E80097C3B9 /* Debug */ = {
			isa = XCBuildConfiguration;
			baseConfigurationReference = 7C8FF59A6025C23B58916626 /* Pods-Flix.debug.xcconfig */;
			buildSettings = {
				ASSETCATALOG_COMPILER_APPICON_NAME = AppIcon;
				ASSETCATALOG_COMPILER_GLOBAL_ACCENT_COLOR_NAME = AccentColor;
				CODE_SIGN_STYLE = Automatic;
				DEVELOPMENT_TEAM = XNXB22PVY3;
				INFOPLIST_FILE = Flix/Info.plist;
				LD_RUNPATH_SEARCH_PATHS = (
					"$(inherited)",
					"@executable_path/Frameworks",
				);
				PRODUCT_BUNDLE_IDENTIFIER = CodePath.FlixPt1;
				PRODUCT_NAME = "$(TARGET_NAME)";
				SWIFT_VERSION = 5.0;
				TARGETED_DEVICE_FAMILY = "1,2";
			};
			name = Debug;
		};
		2FBAA5C926E307E80097C3B9 /* Release */ = {
			isa = XCBuildConfiguration;
			baseConfigurationReference = F8EE3A945542E40701ADEF46 /* Pods-Flix.release.xcconfig */;
			buildSettings = {
				ASSETCATALOG_COMPILER_APPICON_NAME = AppIcon;
				ASSETCATALOG_COMPILER_GLOBAL_ACCENT_COLOR_NAME = AccentColor;
				CODE_SIGN_STYLE = Automatic;
				DEVELOPMENT_TEAM = XNXB22PVY3;
				INFOPLIST_FILE = Flix/Info.plist;
				LD_RUNPATH_SEARCH_PATHS = (
					"$(inherited)",
					"@executable_path/Frameworks",
				);
				PRODUCT_BUNDLE_IDENTIFIER = CodePath.FlixPt1;
				PRODUCT_NAME = "$(TARGET_NAME)";
				SWIFT_VERSION = 5.0;
				TARGETED_DEVICE_FAMILY = "1,2";
			};
			name = Release;
		};
		2FBAA5CB26E307E80097C3B9 /* Debug */ = {
			isa = XCBuildConfiguration;
			baseConfigurationReference = 75034058793CC35CDBD2553A /* Pods-FlixTests.debug.xcconfig */;
			buildSettings = {
				ALWAYS_EMBED_SWIFT_STANDARD_LIBRARIES = YES;
				BUNDLE_LOADER = "$(TEST_HOST)";
				CODE_SIGN_STYLE = Automatic;
				DEVELOPMENT_TEAM = XNXB22PVY3;
				INFOPLIST_FILE = FlixTests/Info.plist;
				IPHONEOS_DEPLOYMENT_TARGET = 14.5;
				LD_RUNPATH_SEARCH_PATHS = (
					"$(inherited)",
					"@executable_path/Frameworks",
					"@loader_path/Frameworks",
				);
				PRODUCT_BUNDLE_IDENTIFIER = CodePath.FlixTests;
				PRODUCT_NAME = "$(TARGET_NAME)";
				SWIFT_VERSION = 5.0;
				TARGETED_DEVICE_FAMILY = "1,2";
				TEST_HOST = "$(BUILT_PRODUCTS_DIR)/Flix.app/Flix";
			};
			name = Debug;
		};
		2FBAA5CC26E307E80097C3B9 /* Release */ = {
			isa = XCBuildConfiguration;
			baseConfigurationReference = 22F5AED8947318E6265DB0B8 /* Pods-FlixTests.release.xcconfig */;
			buildSettings = {
				ALWAYS_EMBED_SWIFT_STANDARD_LIBRARIES = YES;
				BUNDLE_LOADER = "$(TEST_HOST)";
				CODE_SIGN_STYLE = Automatic;
				DEVELOPMENT_TEAM = XNXB22PVY3;
				INFOPLIST_FILE = FlixTests/Info.plist;
				IPHONEOS_DEPLOYMENT_TARGET = 14.5;
				LD_RUNPATH_SEARCH_PATHS = (
					"$(inherited)",
					"@executable_path/Frameworks",
					"@loader_path/Frameworks",
				);
				PRODUCT_BUNDLE_IDENTIFIER = CodePath.FlixTests;
				PRODUCT_NAME = "$(TARGET_NAME)";
				SWIFT_VERSION = 5.0;
				TARGETED_DEVICE_FAMILY = "1,2";
				TEST_HOST = "$(BUILT_PRODUCTS_DIR)/Flix.app/Flix";
			};
			name = Release;
		};
		2FBAA5CE26E307E80097C3B9 /* Debug */ = {
			isa = XCBuildConfiguration;
			baseConfigurationReference = F70B5827CCE325E5E6CEAA0E /* Pods-Flix-FlixUITests.debug.xcconfig */;
			buildSettings = {
				ALWAYS_EMBED_SWIFT_STANDARD_LIBRARIES = YES;
				CODE_SIGN_STYLE = Automatic;
				DEVELOPMENT_TEAM = XNXB22PVY3;
				INFOPLIST_FILE = FlixUITests/Info.plist;
				LD_RUNPATH_SEARCH_PATHS = (
					"$(inherited)",
					"@executable_path/Frameworks",
					"@loader_path/Frameworks",
				);
				PRODUCT_BUNDLE_IDENTIFIER = CodePath.FlixUITests;
				PRODUCT_NAME = "$(TARGET_NAME)";
				SWIFT_VERSION = 5.0;
				TARGETED_DEVICE_FAMILY = "1,2";
				TEST_TARGET_NAME = Flix;
			};
			name = Debug;
		};
		2FBAA5CF26E307E80097C3B9 /* Release */ = {
			isa = XCBuildConfiguration;
			baseConfigurationReference = 0BC5011C3970FB75BA5AFA83 /* Pods-Flix-FlixUITests.release.xcconfig */;
			buildSettings = {
				ALWAYS_EMBED_SWIFT_STANDARD_LIBRARIES = YES;
				CODE_SIGN_STYLE = Automatic;
				DEVELOPMENT_TEAM = XNXB22PVY3;
				INFOPLIST_FILE = FlixUITests/Info.plist;
				LD_RUNPATH_SEARCH_PATHS = (
					"$(inherited)",
					"@executable_path/Frameworks",
					"@loader_path/Frameworks",
				);
				PRODUCT_BUNDLE_IDENTIFIER = CodePath.FlixUITests;
				PRODUCT_NAME = "$(TARGET_NAME)";
				SWIFT_VERSION = 5.0;
				TARGETED_DEVICE_FAMILY = "1,2";
				TEST_TARGET_NAME = Flix;
			};
			name = Release;
		};
/* End XCBuildConfiguration section */

/* Begin XCConfigurationList section */
		2FBAA59826E307E50097C3B9 /* Build configuration list for PBXProject "Flix" */ = {
			isa = XCConfigurationList;
			buildConfigurations = (
				2FBAA5C526E307E80097C3B9 /* Debug */,
				2FBAA5C626E307E80097C3B9 /* Release */,
			);
			defaultConfigurationIsVisible = 0;
			defaultConfigurationName = Release;
		};
		2FBAA5C726E307E80097C3B9 /* Build configuration list for PBXNativeTarget "Flix" */ = {
			isa = XCConfigurationList;
			buildConfigurations = (
				2FBAA5C826E307E80097C3B9 /* Debug */,
				2FBAA5C926E307E80097C3B9 /* Release */,
			);
			defaultConfigurationIsVisible = 0;
			defaultConfigurationName = Release;
		};
		2FBAA5CA26E307E80097C3B9 /* Build configuration list for PBXNativeTarget "FlixTests" */ = {
			isa = XCConfigurationList;
			buildConfigurations = (
				2FBAA5CB26E307E80097C3B9 /* Debug */,
				2FBAA5CC26E307E80097C3B9 /* Release */,
			);
			defaultConfigurationIsVisible = 0;
			defaultConfigurationName = Release;
		};
		2FBAA5CD26E307E80097C3B9 /* Build configuration list for PBXNativeTarget "FlixUITests" */ = {
			isa = XCConfigurationList;
			buildConfigurations = (
				2FBAA5CE26E307E80097C3B9 /* Debug */,
				2FBAA5CF26E307E80097C3B9 /* Release */,
			);
			defaultConfigurationIsVisible = 0;
			defaultConfigurationName = Release;
		};
/* End XCConfigurationList section */

/* Begin XCRemoteSwiftPackageReference section */
		2FBAA5D426E322DB0097C3B9 /* XCRemoteSwiftPackageReference "AlamofireImage" */ = {
			isa = XCRemoteSwiftPackageReference;
			repositoryURL = "https://github.com/Alamofire/AlamofireImage";
			requirement = {
				kind = upToNextMajorVersion;
				minimumVersion = 4.2.0;
			};
		};
/* End XCRemoteSwiftPackageReference section */

/* Begin XCSwiftPackageProductDependency section */
		2FBAA5D526E322DC0097C3B9 /* AlamofireImage */ = {
			isa = XCSwiftPackageProductDependency;
			package = 2FBAA5D426E322DB0097C3B9 /* XCRemoteSwiftPackageReference "AlamofireImage" */;
			productName = AlamofireImage;
		};
/* End XCSwiftPackageProductDependency section */
	};
	rootObject = 2FBAA59526E307E50097C3B9 /* Project object */;
}
